{
  "name": "jsonify-minecraft_script_api",
  "version": "1.0.0",
  "lockfileVersion": 3,
  "requires": true,
  "packages": {
    "": {
      "name": "jsonify-minecraft_script_api",
      "version": "1.0.0",
      "license": "ISC",
      "devDependencies": {
        "chrome-types": "^0.1.263"
      }
    },
    "node_modules/chrome-types": {
      "version": "0.1.263",
      "resolved": "https://registry.npmjs.org/chrome-types/-/chrome-types-0.1.263.tgz",
      "integrity": "sha512-lr1r+5MKBny1RmPysgAe9dPK2l2aqACckI+rQEpGE0UHtuCA/pQiB9kjmdbP9uDS4fA2vS5ByNZyb9Ap/lhL1w==",
      "dev": true
    }
  }
}
